// !$*UTF8*$!
{
	archiveVersion = 1;
	classes = {
	};
	objectVersion = 50;
	objects = {

/* Begin PBXBuildFile section */
		A94A2C8A2506A2B000F6C895 /* AppDelegate.swift in Sources */ = {isa = PBXBuildFile; fileRef = A94A2C892506A2B000F6C895 /* AppDelegate.swift */; };
		A94A2C8C2506A2B000F6C895 /* SceneDelegate.swift in Sources */ = {isa = PBXBuildFile; fileRef = A94A2C8B2506A2B000F6C895 /* SceneDelegate.swift */; };
		A94A2C8E2506A2B000F6C895 /* ViewController.swift in Sources */ = {isa = PBXBuildFile; fileRef = A94A2C8D2506A2B000F6C895 /* ViewController.swift */; };
		A94A2C912506A2B000F6C895 /* Main.storyboard in Resources */ = {isa = PBXBuildFile; fileRef = A94A2C8F2506A2B000F6C895 /* Main.storyboard */; };
		A94A2C932506A2B300F6C895 /* Assets.xcassets in Resources */ = {isa = PBXBuildFile; fileRef = A94A2C922506A2B300F6C895 /* Assets.xcassets */; };
		A94A2C962506A2B300F6C895 /* LaunchScreen.storyboard in Resources */ = {isa = PBXBuildFile; fileRef = A94A2C942506A2B300F6C895 /* LaunchScreen.storyboard */; };
/* End PBXBuildFile section */

/* Begin PBXFileReference section */
		A94A2C862506A2B000F6C895 /* vennu.app */ = {isa = PBXFileReference; explicitFileType = wrapper.application; includeInIndex = 0; path = vennu.app; sourceTree = BUILT_PRODUCTS_DIR; };
		A94A2C892506A2B000F6C895 /* AppDelegate.swift */ = {isa = PBXFileReference; lastKnownFileType = sourcecode.swift; path = AppDelegate.swift; sourceTree = "<group>"; };
		A94A2C8B2506A2B000F6C895 /* SceneDelegate.swift */ = {isa = PBXFileReference; lastKnownFileType = sourcecode.swift; path = SceneDelegate.swift; sourceTree = "<group>"; };
		A94A2C8D2506A2B000F6C895 /* ViewController.swift */ = {isa = PBXFileReference; lastKnownFileType = sourcecode.swift; path = ViewController.swift; sourceTree = "<group>"; };
		A94A2C902506A2B000F6C895 /* Base */ = {isa = PBXFileReference; lastKnownFileType = file.storyboard; name = Base; path = Base.lproj/Main.storyboard; sourceTree = "<group>"; };
		A94A2C922506A2B300F6C895 /* Assets.xcassets */ = {isa = PBXFileReference; lastKnownFileType = folder.assetcatalog; path = Assets.xcassets; sourceTree = "<group>"; };
		A94A2C952506A2B300F6C895 /* Base */ = {isa = PBXFileReference; lastKnownFileType = file.storyboard; name = Base; path = Base.lproj/LaunchScreen.storyboard; sourceTree = "<group>"; };
		A94A2C972506A2B300F6C895 /* Info.plist */ = {isa = PBXFileReference; lastKnownFileType = text.plist.xml; path = Info.plist; sourceTree = "<group>"; };
/* End PBXFileReference section */

/* Begin PBXFrameworksBuildPhase section */
		A94A2C832506A2B000F6C895 /* Frameworks */ = {
			isa = PBXFrameworksBuildPhase;
			buildActionMask = 2147483647;
			files = (
			);
			runOnlyForDeploymentPostprocessing = 0;
		};
/* End PBXFrameworksBuildPhase section */

/* Begin PBXGroup section */
		A94A2C7D2506A2B000F6C895 = {
			isa = PBXGroup;
			children = (
				A94A2C882506A2B000F6C895 /* vennu */,
				A94A2C872506A2B000F6C895 /* Products */,
			);
			sourceTree = "<group>";
		};
		A94A2C872506A2B000F6C895 /* Products */ = {
			isa = PBXGroup;
			children = (
				A94A2C862506A2B000F6C895 /* vennu.app */,
			);
			name = Products;
			sourceTree = "<group>";
		};
		A94A2C882506A2B000F6C895 /* vennu */ = {
			isa = PBXGroup;
			children = (
				A94A2C892506A2B000F6C895 /* AppDelegate.swift */,
				A94A2C8B2506A2B000F6C895 /* SceneDelegate.swift */,
				A94A2C8D2506A2B000F6C895 /* ViewController.swift */,
				A94A2C8F2506A2B000F6C895 /* Main.storyboard */,
				A94A2C922506A2B300F6C895 /* Assets.xcassets */,
				A94A2C942506A2B300F6C895 /* LaunchScreen.storyboard */,
				A94A2C972506A2B300F6C895 /* Info.plist */,
			);
			path = vennu;
			sourceTree = "<group>";
		};
/* End PBXGroup section */

/* Begin PBXNativeTarget section */
		A94A2C852506A2B000F6C895 /* vennu */ = {
			isa = PBXNativeTarget;
			buildConfigurationList = A94A2C9A2506A2B300F6C895 /* Build configuration list for PBXNativeTarget "vennu" */;
			buildPhases = (
				A94A2C822506A2B000F6C895 /* Sources */,
				A94A2C832506A2B000F6C895 /* Frameworks */,
				A94A2C842506A2B000F6C895 /* Resources */,
			);
			buildRules = (
			);
			dependencies = (
			);
			name = vennu;
			productName = vennu;
			productReference = A94A2C862506A2B000F6C895 /* vennu.app */;
			productType = "com.apple.product-type.application";
		};
/* End PBXNativeTarget section */

/* Begin PBXProject section */
		A94A2C7E2506A2B000F6C895 /* Project object */ = {
			isa = PBXProject;
			attributes = {
				LastSwiftUpdateCheck = 1170;
				LastUpgradeCheck = 1170;
				ORGANIZATIONNAME = Upgrade;
				TargetAttributes = {
					A94A2C852506A2B000F6C895 = {
						CreatedOnToolsVersion = 11.7;
					};
				};
			};
			buildConfigurationList = A94A2C812506A2B000F6C895 /* Build configuration list for PBXProject "vennu" */;
			compatibilityVersion = "Xcode 9.3";
			developmentRegion = en;
			hasScannedForEncodings = 0;
			knownRegions = (
				en,
				Base,
			);
			mainGroup = A94A2C7D2506A2B000F6C895;
			productRefGroup = A94A2C872506A2B000F6C895 /* Products */;
			projectDirPath = "";
			projectRoot = "";
			targets = (
				A94A2C852506A2B000F6C895 /* vennu */,
			);
		};
/* End PBXProject section */

/* Begin PBXResourcesBuildPhase section */
		A94A2C842506A2B000F6C895 /* Resources */ = {
			isa = PBXResourcesBuildPhase;
			buildActionMask = 2147483647;
			files = (
				A94A2C962506A2B300F6C895 /* LaunchScreen.storyboard in Resources */,
				A94A2C932506A2B300F6C895 /* Assets.xcassets in Resources */,
				A94A2C912506A2B000F6C895 /* Main.storyboard in Resources */,
			);
			runOnlyForDeploymentPostprocessing = 0;
		};
/* End PBXResourcesBuildPhase section */

/* Begin PBXSourcesBuildPhase section */
		A94A2C822506A2B000F6C895 /* Sources */ = {
			isa = PBXSourcesBuildPhase;
			buildActionMask = 2147483647;
			files = (
				A94A2C8E2506A2B000F6C895 /* ViewController.swift in Sources */,
				A94A2C8A2506A2B000F6C895 /* AppDelegate.swift in Sources */,
				A94A2C8C2506A2B000F6C895 /* SceneDelegate.swift in Sources */,
			);
			runOnlyForDeploymentPostprocessing = 0;
		};
/* End PBXSourcesBuildPhase section */

/* Begin PBXVariantGroup section */
		A94A2C8F2506A2B000F6C895 /* Main.storyboard */ = {
			isa = PBXVariantGroup;
			children = (
				A94A2C902506A2B000F6C895 /* Base */,
			);
			name = Main.storyboard;
			sourceTree = "<group>";
		};
		A94A2C942506A2B300F6C895 /* LaunchScreen.storyboard */ = {
			isa = PBXVariantGroup;
			children = (
				A94A2C952506A2B300F6C895 /* Base */,
			);
			name = LaunchScreen.storyboard;
			sourceTree = "<group>";
		};
/* End PBXVariantGroup section */

/* Begin XCBuildConfiguration section */
		A94A2C982506A2B300F6C895 /* Debug */ = {
			isa = XCBuildConfiguration;
			buildSettings = {
				ALWAYS_SEARCH_USER_PATHS = NO;
				CLANG_ANALYZER_NONNULL = YES;
				CLANG_ANALYZER_NUMBER_OBJECT_CONVERSION = YES_AGGRESSIVE;
				CLANG_CXX_LANGUAGE_STANDARD = "gnu++14";
				CLANG_CXX_LIBRARY = "libc++";
				CLANG_ENABLE_MODULES = YES;
				CLANG_ENABLE_OBJC_ARC = YES;
				CLANG_ENABLE_OBJC_WEAK = YES;
				CLANG_WARN_BLOCK_CAPTURE_AUTORELEASING = YES;
				CLANG_WARN_BOOL_CONVERSION = YES;
				CLANG_WARN_COMMA = YES;
				CLANG_WARN_CONSTANT_CONVERSION = YES;
				CLANG_WARN_DEPRECATED_OBJC_IMPLEMENTATIONS = YES;
				CLANG_WARN_DIRECT_OBJC_ISA_USAGE = YES_ERROR;
				CLANG_WARN_DOCUMENTATION_COMMENTS = YES;
				CLANG_WARN_EMPTY_BODY = YES;
				CLANG_WARN_ENUM_CONVERSION = YES;
				CLANG_WARN_INFINITE_RECURSION = YES;
				CLANG_WARN_INT_CONVERSION = YES;
				CLANG_WARN_NON_LITERAL_NULL_CONVERSION = YES;
				CLANG_WARN_OBJC_IMPLICIT_RETAIN_SELF = YES;
				CLANG_WARN_OBJC_LITERAL_CONVERSION = YES;
				CLANG_WARN_OBJC_ROOT_CLASS = YES_ERROR;
				CLANG_WARN_RANGE_LOOP_ANALYSIS = YES;
				CLANG_WARN_STRICT_PROTOTYPES = YES;
				CLANG_WARN_SUSPICIOUS_MOVE = YES;
				CLANG_WARN_UNGUARDED_AVAILABILITY = YES_AGGRESSIVE;
				CLANG_WARN_UNREACHABLE_CODE = YES;
				CLANG_WARN__DUPLICATE_METHOD_MATCH = YES;
				COPY_PHASE_STRIP = NO;
				DEBUG_INFORMATION_FORMAT = dwarf;
				ENABLE_STRICT_OBJC_MSGSEND = YES;
				ENABLE_TESTABILITY = YES;
				GCC_C_LANGUAGE_STANDARD = gnu11;
				GCC_DYNAMIC_NO_PIC = NO;
				GCC_NO_COMMON_BLOCKS = YES;
				GCC_OPTIMIZATION_LEVEL = 0;
				GCC_PREPROCESSOR_DEFINITIONS = (
					"DEBUG=1",
					"$(inherited)",
				);
				GCC_WARN_64_TO_32_BIT_CONVERSION = YES;
				GCC_WARN_ABOUT_RETURN_TYPE = YES_ERROR;
				GCC_WARN_UNDECLARED_SELECTOR = YES;
				GCC_WARN_UNINITIALIZED_AUTOS = YES_AGGRESSIVE;
				GCC_WARN_UNUSED_FUNCTION = YES;
				GCC_WARN_UNUSED_VARIABLE = YES;
				IPHONEOS_DEPLOYMENT_TARGET = 13.7;
				MTL_ENABLE_DEBUG_INFO = INCLUDE_SOURCE;
				MTL_FAST_MATH = YES;
				ONLY_ACTIVE_ARCH = YES;
				SDKROOT = iphoneos;
				SWIFT_ACTIVE_COMPILATION_CONDITIONS = DEBUG;
				SWIFT_OPTIMIZATION_LEVEL = "-Onone";
			};
			name = Debug;
		};
		A94A2C992506A2B300F6C895 /* Release */ = {
			isa = XCBuildConfiguration;
			buildSettings = {
				ALWAYS_SEARCH_USER_PATHS = NO;
				CLANG_ANALYZER_NONNULL = YES;
				CLANG_ANALYZER_NUMBER_OBJECT_CONVERSION = YES_AGGRESSIVE;
				CLANG_CXX_LANGUAGE_STANDARD = "gnu++14";
				CLANG_CXX_LIBRARY = "libc++";
				CLANG_ENABLE_MODULES = YES;
				CLANG_ENABLE_OBJC_ARC = YES;
				CLANG_ENABLE_OBJC_WEAK = YES;
				CLANG_WARN_BLOCK_CAPTURE_AUTORELEASING = YES;
				CLANG_WARN_BOOL_CONVERSION = YES;
				CLANG_WARN_COMMA = YES;
				CLANG_WARN_CONSTANT_CONVERSION = YES;
				CLANG_WARN_DEPRECATED_OBJC_IMPLEMENTATIONS = YES;
				CLANG_WARN_DIRECT_OBJC_ISA_USAGE = YES_ERROR;
				CLANG_WARN_DOCUMENTATION_COMMENTS = YES;
				CLANG_WARN_EMPTY_BODY = YES;
				CLANG_WARN_ENUM_CONVERSION = YES;
				CLANG_WARN_INFINITE_RECURSION = YES;
				CLANG_WARN_INT_CONVERSION = YES;
				CLANG_WARN_NON_LITERAL_NULL_CONVERSION = YES;
				CLANG_WARN_OBJC_IMPLICIT_RETAIN_SELF = YES;
				CLANG_WARN_OBJC_LITERAL_CONVERSION = YES;
				CLANG_WARN_OBJC_ROOT_CLASS = YES_ERROR;
				CLANG_WARN_RANGE_LOOP_ANALYSIS = YES;
				CLANG_WARN_STRICT_PROTOTYPES = YES;
				CLANG_WARN_SUSPICIOUS_MOVE = YES;
				CLANG_WARN_UNGUARDED_AVAILABILITY = YES_AGGRESSIVE;
				CLANG_WARN_UNREACHABLE_CODE = YES;
				CLANG_WARN__DUPLICATE_METHOD_MATCH = YES;
				COPY_PHASE_STRIP = NO;
				DEBUG_INFORMATION_FORMAT = "dwarf-with-dsym";
				ENABLE_NS_ASSERTIONS = NO;
				ENABLE_STRICT_OBJC_MSGSEND = YES;
				GCC_C_LANGUAGE_STANDARD = gnu11;
				GCC_NO_COMMON_BLOCKS = YES;
				GCC_WARN_64_TO_32_BIT_CONVERSION = YES;
				GCC_WARN_ABOUT_RETURN_TYPE = YES_ERROR;
				GCC_WARN_UNDECLARED_SELECTOR = YES;
				GCC_WARN_UNINITIALIZED_AUTOS = YES_AGGRESSIVE;
				GCC_WARN_UNUSED_FUNCTION = YES;
				GCC_WARN_UNUSED_VARIABLE = YES;
				IPHONEOS_DEPLOYMENT_TARGET = 13.7;
				MTL_ENABLE_DEBUG_INFO = NO;
				MTL_FAST_MATH = YES;
				SDKROOT = iphoneos;
				SWIFT_COMPILATION_MODE = wholemodule;
				SWIFT_OPTIMIZATION_LEVEL = "-O";
				VALIDATE_PRODUCT = YES;
			};
			name = Release;
		};
		A94A2C9B2506A2B300F6C895 /* Debug */ = {
			isa = XCBuildConfiguration;
			buildSettings = {
				ASSETCATALOG_COMPILER_APPICON_NAME = AppIcon;
				CODE_SIGN_STYLE = Automatic;
				DEVELOPMENT_TEAM = QHG499Q3U4;
				INFOPLIST_FILE = vennu/Info.plist;
				LD_RUNPATH_SEARCH_PATHS = (
					"$(inherited)",
					"@executable_path/Frameworks",
				);
				PRODUCT_BUNDLE_IDENTIFIER = com.upgraders.vennu;
				PRODUCT_NAME = "$(TARGET_NAME)";
				SWIFT_VERSION = 5.0;
				TARGETED_DEVICE_FAMILY = "1,2";
			};
			name = Debug;
		};
		A94A2C9C2506A2B300F6C895 /* Release */ = {
			isa = XCBuildConfiguration;
			buildSettings = {
				ASSETCATALOG_COMPILER_APPICON_NAME = AppIcon;
				CODE_SIGN_STYLE = Automatic;
				DEVELOPMENT_TEAM = QHG499Q3U4;
				INFOPLIST_FILE = vennu/Info.plist;
				LD_RUNPATH_SEARCH_PATHS = (
					"$(inherited)",
					"@executable_path/Frameworks",
				);
				PRODUCT_BUNDLE_IDENTIFIER = com.upgraders.vennu;
				PRODUCT_NAME = "$(TARGET_NAME)";
				SWIFT_VERSION = 5.0;
				TARGETED_DEVICE_FAMILY = "1,2";
			};
			name = Release;
		};
/* End XCBuildConfiguration section */

/* Begin XCConfigurationList section */
		A94A2C812506A2B000F6C895 /* Build configuration list for PBXProject "vennu" */ = {
			isa = XCConfigurationList;
			buildConfigurations = (
				A94A2C982506A2B300F6C895 /* Debug */,
				A94A2C992506A2B300F6C895 /* Release */,
			);
			defaultConfigurationIsVisible = 0;
			defaultConfigurationName = Release;
		};
		A94A2C9A2506A2B300F6C895 /* Build configuration list for PBXNativeTarget "vennu" */ = {
			isa = XCConfigurationList;
			buildConfigurations = (
				A94A2C9B2506A2B300F6C895 /* Debug */,
				A94A2C9C2506A2B300F6C895 /* Release */,
			);
			defaultConfigurationIsVisible = 0;
			defaultConfigurationName = Release;
		};
/* End XCConfigurationList section */
	};
	rootObject = A94A2C7E2506A2B000F6C895 /* Project object */;
}
